
Microsoft Visual Studio Solution File, Format Version 12.00
# Visual Studio Version 16
VisualStudioVersion = 16.0.31112.23
MinimumVisualStudioVersion = 10.0.40219.1
Project("{FAE04EC0-301F-11D3-BF4B-00C04F79EFBC}") = "AlgoritmusCodus", "AlgoritmusCodus\AlgoritmusCodus.csproj", "{47FFE384-BA2A-4127-9FA0-4C85B12D8C53}"
EndProject
Project("{FAE04EC0-301F-11D3-BF4B-00C04F79EFBC}") = "Algorithm", "Algorithm\Algorithm.csproj", "{941A4E48-E44A-49E3-A6BC-A5A0F1E30144}"
EndProject
Project("{FAE04EC0-301F-11D3-BF4B-00C04F79EFBC}") = "AlgorithmTests", "AlgorithmTests\AlgorithmTests.csproj", "{4D8FE2D8-024E-4026-826C-FD85D6E4BCEC}"
EndProject
Global
	GlobalSection(SolutionConfigurationPlatforms) = preSolution
		Debug|Any CPU = Debug|Any CPU
		Release|Any CPU = Release|Any CPU
	EndGlobalSection
	GlobalSection(ProjectConfigurationPlatforms) = postSolution
		{47FFE384-BA2A-4127-9FA0-4C85B12D8C53}.Debug|Any CPU.ActiveCfg = Debug|Any CPU
		{47FFE384-BA2A-4127-9FA0-4C85B12D8C53}.Debug|Any CPU.Build.0 = Debug|Any CPU
		{47FFE384-BA2A-4127-9FA0-4C85B12D8C53}.Release|Any CPU.ActiveCfg = Release|Any CPU
		{47FFE384-BA2A-4127-9FA0-4C85B12D8C53}.Release|Any CPU.Build.0 = Release|Any CPU
		{941A4E48-E44A-49E3-A6BC-A5A0F1E30144}.Debug|Any CPU.ActiveCfg = Debug|Any CPU
		{941A4E48-E44A-49E3-A6BC-A5A0F1E30144}.Debug|Any CPU.Build.0 = Debug|Any CPU
		{941A4E48-E44A-49E3-A6BC-A5A0F1E30144}.Release|Any CPU.ActiveCfg = Release|Any CPU
		{941A4E48-E44A-49E3-A6BC-A5A0F1E30144}.Release|Any CPU.Build.0 = Release|Any CPU
		{4D8FE2D8-024E-4026-826C-FD85D6E4BCEC}.Debug|Any CPU.ActiveCfg = Debug|Any CPU
		{4D8FE2D8-024E-4026-826C-FD85D6E4BCEC}.Debug|Any CPU.Build.0 = Debug|Any CPU
		{4D8FE2D8-024E-4026-826C-FD85D6E4BCEC}.Release|Any CPU.ActiveCfg = Release|Any CPU
		{4D8FE2D8-024E-4026-826C-FD85D6E4BCEC}.Release|Any CPU.Build.0 = Release|Any CPU
	EndGlobalSection
	GlobalSection(SolutionProperties) = preSolution
		HideSolutionNode = FALSE
	EndGlobalSection
	GlobalSection(ExtensibilityGlobals) = postSolution
		SolutionGuid = {480B8263-4051-4DF8-9990-FAA21E9490E8}
	EndGlobalSection
EndGlobal
